
Microsoft Visual Studio Solution File, Format Version 12.00
# Visual Studio Version 16
VisualStudioVersion = 16.0.28803.202
MinimumVisualStudioVersion = 10.0.40219.1
Project("{9A19103F-16F7-4668-BE54-9A1E7A4F7556}") = "CRUD", "CRUD.csproj", "{B0C7272E-3AA3-4401-9DAB-1258D868C52C}"
EndProject
Global
	GlobalSection(SolutionConfigurationPlatforms) = preSolution
		Debug|Any CPU = Debug|Any CPU
		Release|Any CPU = Release|Any CPU
	EndGlobalSection
	GlobalSection(ProjectConfigurationPlatforms) = postSolution
		{B0C7272E-3AA3-4401-9DAB-1258D868C52C}.Debug|Any CPU.ActiveCfg = Debug|Any CPU
		{B0C7272E-3AA3-4401-9DAB-1258D868C52C}.Debug|Any CPU.Build.0 = Debug|Any CPU
		{B0C7272E-3AA3-4401-9DAB-1258D868C52C}.Release|Any CPU.ActiveCfg = Release|Any CPU
		{B0C7272E-3AA3-4401-9DAB-1258D868C52C}.Release|Any CPU.Build.0 = Release|Any CPU
	EndGlobalSection
	GlobalSection(SolutionProperties) = preSolution
		HideSolutionNode = FALSE
	EndGlobalSection
	GlobalSection(ExtensibilityGlobals) = postSolution
		SolutionGuid = {28063CE8-2144-4C33-BA6F-5FA4E06F3F0B}
	EndGlobalSection
EndGlobal
